{
    "_readme": [
        "This file locks the dependencies of your project to a known state",
        "Read more about it at https://getcomposer.org/doc/01-basic-usage.md#installing-dependencies",
        "This file is @generated automatically"
    ],
    "content-hash": "72a66b860ff70b8e9e9c70f712159773",
    "packages": [
        {
            "name": "phpmailer/phpmailer",
            "version": "dev-master",
            "source": {
                "type": "git",
                "url": "https://github.com/PHPMailer/PHPMailer.git",
                "reference": "a8dce4721d2a491c702ecd6cfd6de26c867a67fc"
            },
            "dist": {
                "type": "zip",
                "url": "https://api.github.com/repos/PHPMailer/PHPMailer/zipball/a8dce4721d2a491c702ecd6cfd6de26c867a67fc",
                "reference": "a8dce4721d2a491c702ecd6cfd6de26c867a67fc",
                "shasum": ""
            },
            "require": {
                "ext-ctype": "*",
                "ext-filter": "*",
                "php": ">=5.5.0"
            },
            "require-dev": {
                "doctrine/annotations": "1.2.*",
                "friendsofphp/php-cs-fixer": "^2.2",
                "phpdocumentor/phpdocumentor": "2.*",
                "phpunit/phpunit": "^4.8 || ^5.7",
                "zendframework/zend-eventmanager": "3.0.*",
                "zendframework/zend-i18n": "2.7.3",
                "zendframework/zend-serializer": "2.7.*"
            },
            "suggest": {
                "ext-mbstring": "Needed to send email in multibyte encoding charset",
                "hayageek/oauth2-yahoo": "Needed for Yahoo XOAUTH2 authentication",
                "league/oauth2-google": "Needed for Google XOAUTH2 authentication",
                "psr/log": "For optional PSR-3 debug logging",
                "stevenmaguire/oauth2-microsoft": "Needed for Microsoft XOAUTH2 authentication",
                "symfony/polyfill-mbstring": "To support UTF-8 if the Mbstring PHP extension is not enabled (^1.2)"
            },
            "type": "library",
            "autoload": {
                "psr-4": {
                    "PHPMailer\\PHPMailer\\": "src/"
                }
            },
            "notification-url": "https://packagist.org/downloads/",
            "license": [
                "LGPL-2.1"
            ],
            "authors": [
                {
                    "name": "Jim Jagielski",
                    "email": "jimjag@gmail.com"
                },
                {
                    "name": "Marcus Bointon",
                    "email": "phpmailer@synchromedia.co.uk"
                },
                {
                    "name": "Andy Prevost",
                    "email": "codeworxtech@users.sourceforge.net"
                },
                {
                    "name": "Brent R. Matzelle"
                }
            ],
            "description": "PHPMailer is a full-featured email creation and transfer class for PHP",
            "time": "2018-10-02T17:09:29+00:00"
        },
        {
            "name": "twbs/bootstrap",
            "version": "dev-master",
            "source": {
                "type": "git",
                "url": "https://github.com/twbs/bootstrap.git",
                "reference": "4ebe2b8753ad82ecb5e07c89f9492e9934b531b5"
            },
            "dist": {
                "type": "zip",
                "url": "https://api.github.com/repos/twbs/bootstrap/zipball/4ebe2b8753ad82ecb5e07c89f9492e9934b531b5",
                "reference": "4ebe2b8753ad82ecb5e07c89f9492e9934b531b5",
                "shasum": ""
            },
            "replace": {
                "twitter/bootstrap": "self.version"
            },
            "type": "library",
            "extra": {
                "branch-alias": {
                    "dev-master": "3.4.x-dev"
                }
            },
            "notification-url": "https://packagist.org/downloads/",
            "license": [
                "MIT"
            ],
            "authors": [
                {
                    "name": "Jacob Thornton",
                    "email": "jacobthornton@gmail.com"
                },
                {
                    "name": "Mark Otto",
                    "email": "markdotto@gmail.com"
                }
            ],
            "description": "The most popular front-end framework for developing responsive, mobile first projects on the web.",
            "homepage": "http://getbootstrap.com",
            "keywords": [
                "JS",
                "css",
                "framework",
                "front-end",
                "less",
                "mobile-first",
                "responsive",
                "web"
            ],
            "time": "2018-09-28T06:53:59+00:00"
        },
        {
            "name": "xenomorph/xenomorph-models-communication",
            "version": "dev-master",
            "source": {
                "type": "git",
                "url": "https://github.com/mickaelpollet/xenomorph-models-communication.git",
                "reference": "856d4aca8aa175adeb3bbc5217f45762f1c94563"
            },
            "dist": {
                "type": "zip",
                "url": "https://api.github.com/repos/mickaelpollet/xenomorph-models-communication/zipball/856d4aca8aa175adeb3bbc5217f45762f1c94563",
                "reference": "856d4aca8aa175adeb3bbc5217f45762f1c94563",
                "shasum": ""
            },
            "require": {
                "php": ">=5.5.0",
                "phpmailer/phpmailer": ">=6.0",
                "xenomorph/xenomorph-system-core": ">=1.0.0"
            },
            "type": "library",
            "autoload": {
                "classmap": [
                    "models/",
                    "models/managers"
                ]
            },
            "notification-url": "https://packagist.org/downloads/",
            "license": [
                "MIT"
            ],
            "authors": [
                {
                    "name": "Mickaël POLLET",
                    "email": "mickaelpollet@gmail.com"
                }
            ],
            "description": "Xenomorph Communication Models Libraries",
            "keywords": [
                "curl",
                "framework",
                "ldap",
                "mail",
                "notification",
                "onesignal",
                "php freamwork",
                "tools",
                "xenomorph"
            ],
            "time": "2018-10-05T14:02:11+00:00"
        },
        {
            "name": "xenomorph/xenomorph-models-cryptography",
            "version": "dev-master",
            "source": {
                "type": "git",
                "url": "https://github.com/mickaelpollet/xenomorph-models-cryptography.git",
                "reference": "49a8a19cdf6c2c22553c0a3f3f1b2dccd30fc363"
            },
            "dist": {
                "type": "zip",
                "url": "https://api.github.com/repos/mickaelpollet/xenomorph-models-cryptography/zipball/49a8a19cdf6c2c22553c0a3f3f1b2dccd30fc363",
                "reference": "49a8a19cdf6c2c22553c0a3f3f1b2dccd30fc363",
                "shasum": ""
            },
            "require": {
                "xenomorph/xenomorph-system-core": "dev-master"
            },
            "type": "library",
            "autoload": {
                "classmap": [
                    "models/"
                ]
            },
            "notification-url": "https://packagist.org/downloads/",
            "license": [
                "MIT"
            ],
            "authors": [
                {
                    "name": "Mickaël POLLET",
                    "email": "mickaelpollet@gmail.com"
                }
            ],
            "description": "Xenomorph's Framework Cryptographic Models",
            "keywords": [
                "framework",
                "php freamwork",
                "xenomorph"
            ],
            "time": "2018-10-05T14:11:04+00:00"
        },
        {
            "name": "xenomorph/xenomorph-system-core",
            "version": "dev-master",
            "source": {
                "type": "git",
                "url": "https://github.com/mickaelpollet/xenomorph-system-core.git",
                "reference": "9d92e86e4100f4a1f08817fd2f9e5f0b32f79d1d"
            },
            "dist": {
                "type": "zip",
                "url": "https://api.github.com/repos/mickaelpollet/xenomorph-system-core/zipball/9d92e86e4100f4a1f08817fd2f9e5f0b32f79d1d",
                "reference": "9d92e86e4100f4a1f08817fd2f9e5f0b32f79d1d",
                "shasum": ""
            },
            "require": {
                "php": ">=5.5.0",
                "twbs/bootstrap": "^3.3@dev"
            },
            "type": "library",
            "autoload": {
                "classmap": [
                    "models/"
                ]
            },
            "notification-url": "https://packagist.org/downloads/",
            "license": [
                "MIT"
            ],
            "authors": [
                {
                    "name": "Mickaël POLLET",
                    "email": "mickaelpollet@gmail.com"
                }
            ],
            "description": "Xenomorph's Framework and Libraries Core",
            "keywords": [
                "framework",
                "php freamwork",
                "xenomorph"
            ],
            "time": "2018-10-05T13:31:02+00:00"
        }
    ],
    "packages-dev": [],
    "aliases": [],
    "minimum-stability": "dev",
    "stability-flags": {
        "xenomorph/xenomorph-system-core": 20,
        "xenomorph/xenomorph-models-communication": 20,
        "xenomorph/xenomorph-models-cryptography": 20
    },
    "prefer-stable": false,
    "prefer-lowest": false,
    "platform": [],
    "platform-dev": []
}
